Microsoft Visual Studio Solution File, Format Version 7.00
Project("{8BC9CEB8-8B4A-11D0-8D11-00A0C91BC942}") = "ika", "engine\ika.vcproj", "{4B4E2FC6-CDAC-4CBD-AE28-DA5529F0CB6E}"
EndProject
Project("{8BC9CEB8-8B4A-11D0-8D11-00A0C91BC942}") = "winmaped", "winmaped\WinMapEd.vcproj", "{D00E70E1-F2C5-4DCC-BB41-3CC03FFAFB48}"
EndProject
Project("{8BC9CEB8-8B4A-11D0-8D11-00A0C91BC942}") = "iked", "iked\iked.vcproj", "{86231232-3F9D-440A-A33B-3170501C170E}"
EndProject
Global
	GlobalSection(SolutionConfiguration) = preSolution
		ConfigName.0 = Debug
		ConfigName.1 = Debug wx232
		ConfigName.2 = Release
		ConfigName.3 = Release wx232
	EndGlobalSection
	GlobalSection(ProjectDependencies) = postSolution
	EndGlobalSection
	GlobalSection(ProjectConfiguration) = postSolution
		{4B4E2FC6-CDAC-4CBD-AE28-DA5529F0CB6E}.Debug.ActiveCfg = Release|Win32
		{4B4E2FC6-CDAC-4CBD-AE28-DA5529F0CB6E}.Debug.Build.0 = Release|Win32
		{4B4E2FC6-CDAC-4CBD-AE28-DA5529F0CB6E}.Debug wx232.ActiveCfg = Debug|Win32
		{4B4E2FC6-CDAC-4CBD-AE28-DA5529F0CB6E}.Debug wx232.Build.0 = Debug|Win32
		{4B4E2FC6-CDAC-4CBD-AE28-DA5529F0CB6E}.Release.ActiveCfg = Release|Win32
		{4B4E2FC6-CDAC-4CBD-AE28-DA5529F0CB6E}.Release.Build.0 = Release|Win32
		{4B4E2FC6-CDAC-4CBD-AE28-DA5529F0CB6E}.Release wx232.ActiveCfg = Release|Win32
		{4B4E2FC6-CDAC-4CBD-AE28-DA5529F0CB6E}.Release wx232.Build.0 = Release|Win32
		{D00E70E1-F2C5-4DCC-BB41-3CC03FFAFB48}.Debug.ActiveCfg = Debug|Win32
		{D00E70E1-F2C5-4DCC-BB41-3CC03FFAFB48}.Debug.Build.0 = Debug|Win32
		{D00E70E1-F2C5-4DCC-BB41-3CC03FFAFB48}.Debug wx232.ActiveCfg = Debug|Win32
		{D00E70E1-F2C5-4DCC-BB41-3CC03FFAFB48}.Debug wx232.Build.0 = Debug|Win32
		{D00E70E1-F2C5-4DCC-BB41-3CC03FFAFB48}.Release.ActiveCfg = Release|Win32
		{D00E70E1-F2C5-4DCC-BB41-3CC03FFAFB48}.Release.Build.0 = Release|Win32
		{D00E70E1-F2C5-4DCC-BB41-3CC03FFAFB48}.Release wx232.ActiveCfg = Debug|Win32
		{D00E70E1-F2C5-4DCC-BB41-3CC03FFAFB48}.Release wx232.Build.0 = Debug|Win32
		{86231232-3F9D-440A-A33B-3170501C170E}.Debug.ActiveCfg = Debug|Win32
		{86231232-3F9D-440A-A33B-3170501C170E}.Debug.Build.0 = Debug|Win32
		{86231232-3F9D-440A-A33B-3170501C170E}.Debug wx232.ActiveCfg = Debug|Win32
		{86231232-3F9D-440A-A33B-3170501C170E}.Debug wx232.Build.0 = Debug|Win32
		{86231232-3F9D-440A-A33B-3170501C170E}.Release.ActiveCfg = Release|Win32
		{86231232-3F9D-440A-A33B-3170501C170E}.Release.Build.0 = Release|Win32
		{86231232-3F9D-440A-A33B-3170501C170E}.Release wx232.ActiveCfg = Debug|Win32
		{86231232-3F9D-440A-A33B-3170501C170E}.Release wx232.Build.0 = Debug|Win32
	EndGlobalSection
	GlobalSection(ExtensibilityGlobals) = postSolution
	EndGlobalSection
	GlobalSection(ExtensibilityAddIns) = postSolution
	EndGlobalSection
EndGlobal
