Microsoft Visual Studio Solution File, Format Version 8.00
Project("{8BC9CEB8-8B4A-11D0-8D11-00A0C91BC942}") = "ika", "engine\ika.vcproj", "{DA8FCF02-D1DC-4E12-BD5C-E52D6F0CB01D}"
	ProjectSection(ProjectDependencies) = postProject
	EndProjectSection
EndProject
Project("{8BC9CEB8-8B4A-11D0-8D11-00A0C91BC942}") = "ikaMap", "ikaMap\ikaMap.vcproj", "{71F0DE24-F543-42E5-90C7-0B5AF0517458}"
	ProjectSection(ProjectDependencies) = postProject
	EndProjectSection
EndProject
Project("{8BC9CEB8-8B4A-11D0-8D11-00A0C91BC942}") = "iked", "iked\iked.vcproj", "{86231232-3F9D-440A-A33B-3170501C170E}"
	ProjectSection(ProjectDependencies) = postProject
	EndProjectSection
EndProject
Project("{FAE04EC0-301F-11D3-BF4B-00C04F79EFBC}") = "rho", "rho\rho.csproj", "{5079A4EA-DB90-497D-8759-4ABC0EEB82C6}"
	ProjectSection(ProjectDependencies) = postProject
	EndProjectSection
EndProject
Global
	GlobalSection(SolutionConfiguration) = preSolution
		Debug = Debug
		Release = Release
	EndGlobalSection
	GlobalSection(ProjectConfiguration) = postSolution
		{DA8FCF02-D1DC-4E12-BD5C-E52D6F0CB01D}.Debug.ActiveCfg = Debug|Win32
		{DA8FCF02-D1DC-4E12-BD5C-E52D6F0CB01D}.Debug.Build.0 = Debug|Win32
		{DA8FCF02-D1DC-4E12-BD5C-E52D6F0CB01D}.Release.ActiveCfg = Release|Win32
		{DA8FCF02-D1DC-4E12-BD5C-E52D6F0CB01D}.Release.Build.0 = Release|Win32
		{71F0DE24-F543-42E5-90C7-0B5AF0517458}.Debug.ActiveCfg = Debug|Win32
		{71F0DE24-F543-42E5-90C7-0B5AF0517458}.Debug.Build.0 = Debug|Win32
		{71F0DE24-F543-42E5-90C7-0B5AF0517458}.Release.ActiveCfg = Release|Win32
		{71F0DE24-F543-42E5-90C7-0B5AF0517458}.Release.Build.0 = Release|Win32
		{86231232-3F9D-440A-A33B-3170501C170E}.Debug.ActiveCfg = Debug|Win32
		{86231232-3F9D-440A-A33B-3170501C170E}.Debug.Build.0 = Debug|Win32
		{86231232-3F9D-440A-A33B-3170501C170E}.Release.ActiveCfg = Release|Win32
		{86231232-3F9D-440A-A33B-3170501C170E}.Release.Build.0 = Release|Win32
		{5079A4EA-DB90-497D-8759-4ABC0EEB82C6}.Debug.ActiveCfg = Debug|.NET
		{5079A4EA-DB90-497D-8759-4ABC0EEB82C6}.Debug.Build.0 = Debug|.NET
		{5079A4EA-DB90-497D-8759-4ABC0EEB82C6}.Release.ActiveCfg = Release|.NET
		{5079A4EA-DB90-497D-8759-4ABC0EEB82C6}.Release.Build.0 = Release|.NET
	EndGlobalSection
	GlobalSection(ExtensibilityGlobals) = postSolution
	EndGlobalSection
	GlobalSection(ExtensibilityAddIns) = postSolution
	EndGlobalSection
EndGlobal
