Microsoft Visual Studio Solution File, Format Version 10.00
# Visual C++ Express 2008
Project("{8BC9CEB8-8B4A-11D0-8D11-00A0C91BC942}") = "iked", "iked\iked.vc2008.vcproj", "{86231232-3F9D-440A-A33B-3170501C170E}"
	ProjectSection(ProjectDependencies) = postProject
		{7CF113AA-D783-4E94-A0C5-03BC9F6B02A9} = {7CF113AA-D783-4E94-A0C5-03BC9F6B02A9}
	EndProjectSection
EndProject
Project("{FAE04EC0-301F-11D3-BF4B-00C04F79EFBC}") = "rho", "rho\rho.csproj", "{5079A4EA-DB90-497D-8759-4ABC0EEB82C6}"
EndProject
Project("{8BC9CEB8-8B4A-11D0-8D11-00A0C91BC942}") = "common", "common\common.vc2008.vcproj", "{7CF113AA-D783-4E94-A0C5-03BC9F6B02A9}"
EndProject
Project("{8BC9CEB8-8B4A-11D0-8D11-00A0C91BC942}") = "ika", "engine\ika.vc2008.vcproj", "{DA8FCF02-D1DC-4E12-BD5C-E52D6F0CB01D}"
	ProjectSection(ProjectDependencies) = postProject
		{7CF113AA-D783-4E94-A0C5-03BC9F6B02A9} = {7CF113AA-D783-4E94-A0C5-03BC9F6B02A9}
	EndProjectSection
EndProject
Project("{8BC9CEB8-8B4A-11D0-8D11-00A0C91BC942}") = "ikaMap", "ikaMap\ikaMap.vc2008.vcproj", "{71F0DE24-F543-42E5-90C7-0B5AF0517458}"
	ProjectSection(ProjectDependencies) = postProject
		{7CF113AA-D783-4E94-A0C5-03BC9F6B02A9} = {7CF113AA-D783-4E94-A0C5-03BC9F6B02A9}
	EndProjectSection
EndProject
Global
	GlobalSection(SolutionConfigurationPlatforms) = preSolution
		Debug Unicode|Win32 = Debug Unicode|Win32
		Debug|Win32 = Debug|Win32
		Release Unicode|Win32 = Release Unicode|Win32
		Release|Win32 = Release|Win32
	EndGlobalSection
	GlobalSection(ProjectConfigurationPlatforms) = postSolution
		{86231232-3F9D-440A-A33B-3170501C170E}.Debug Unicode|Win32.ActiveCfg = Debug|Win32
		{86231232-3F9D-440A-A33B-3170501C170E}.Debug|Win32.ActiveCfg = Debug|Win32
		{86231232-3F9D-440A-A33B-3170501C170E}.Debug|Win32.Build.0 = Debug|Win32
		{86231232-3F9D-440A-A33B-3170501C170E}.Release Unicode|Win32.ActiveCfg = Release|Win32
		{86231232-3F9D-440A-A33B-3170501C170E}.Release|Win32.ActiveCfg = Release|Win32
		{86231232-3F9D-440A-A33B-3170501C170E}.Release|Win32.Build.0 = Release|Win32
		{5079A4EA-DB90-497D-8759-4ABC0EEB82C6}.Debug Unicode|Win32.ActiveCfg = Debug|Any CPU
		{5079A4EA-DB90-497D-8759-4ABC0EEB82C6}.Debug|Win32.ActiveCfg = Debug|Any CPU
		{5079A4EA-DB90-497D-8759-4ABC0EEB82C6}.Release Unicode|Win32.ActiveCfg = Release|Any CPU
		{5079A4EA-DB90-497D-8759-4ABC0EEB82C6}.Release|Win32.ActiveCfg = Release|Any CPU
		{7CF113AA-D783-4E94-A0C5-03BC9F6B02A9}.Debug Unicode|Win32.ActiveCfg = Debug|Win32
		{7CF113AA-D783-4E94-A0C5-03BC9F6B02A9}.Debug Unicode|Win32.Build.0 = Debug|Win32
		{7CF113AA-D783-4E94-A0C5-03BC9F6B02A9}.Debug|Win32.ActiveCfg = Debug|Win32
		{7CF113AA-D783-4E94-A0C5-03BC9F6B02A9}.Debug|Win32.Build.0 = Debug|Win32
		{7CF113AA-D783-4E94-A0C5-03BC9F6B02A9}.Release Unicode|Win32.ActiveCfg = Release|Win32
		{7CF113AA-D783-4E94-A0C5-03BC9F6B02A9}.Release Unicode|Win32.Build.0 = Release|Win32
		{7CF113AA-D783-4E94-A0C5-03BC9F6B02A9}.Release|Win32.ActiveCfg = Release|Win32
		{7CF113AA-D783-4E94-A0C5-03BC9F6B02A9}.Release|Win32.Build.0 = Release|Win32
		{DA8FCF02-D1DC-4E12-BD5C-E52D6F0CB01D}.Debug Unicode|Win32.ActiveCfg = Debug|Win32
		{DA8FCF02-D1DC-4E12-BD5C-E52D6F0CB01D}.Debug Unicode|Win32.Build.0 = Debug|Win32
		{DA8FCF02-D1DC-4E12-BD5C-E52D6F0CB01D}.Debug|Win32.ActiveCfg = Debug|Win32
		{DA8FCF02-D1DC-4E12-BD5C-E52D6F0CB01D}.Debug|Win32.Build.0 = Debug|Win32
		{DA8FCF02-D1DC-4E12-BD5C-E52D6F0CB01D}.Release Unicode|Win32.ActiveCfg = Release|Win32
		{DA8FCF02-D1DC-4E12-BD5C-E52D6F0CB01D}.Release Unicode|Win32.Build.0 = Release|Win32
		{DA8FCF02-D1DC-4E12-BD5C-E52D6F0CB01D}.Release|Win32.ActiveCfg = Release|Win32
		{DA8FCF02-D1DC-4E12-BD5C-E52D6F0CB01D}.Release|Win32.Build.0 = Release|Win32
		{71F0DE24-F543-42E5-90C7-0B5AF0517458}.Debug Unicode|Win32.ActiveCfg = Debug|Win32
		{71F0DE24-F543-42E5-90C7-0B5AF0517458}.Debug Unicode|Win32.Build.0 = Debug|Win32
		{71F0DE24-F543-42E5-90C7-0B5AF0517458}.Debug|Win32.ActiveCfg = Debug|Win32
		{71F0DE24-F543-42E5-90C7-0B5AF0517458}.Debug|Win32.Build.0 = Debug|Win32
		{71F0DE24-F543-42E5-90C7-0B5AF0517458}.Release Unicode|Win32.ActiveCfg = Release|Win32
		{71F0DE24-F543-42E5-90C7-0B5AF0517458}.Release Unicode|Win32.Build.0 = Release|Win32
		{71F0DE24-F543-42E5-90C7-0B5AF0517458}.Release|Win32.ActiveCfg = Release|Win32
		{71F0DE24-F543-42E5-90C7-0B5AF0517458}.Release|Win32.Build.0 = Release|Win32
		{E522652F-513B-4694-9518-8760F2F17F4C}.Debug Unicode|Win32.ActiveCfg = Debug|Win32
		{E522652F-513B-4694-9518-8760F2F17F4C}.Debug|Win32.ActiveCfg = Debug|Win32
		{E522652F-513B-4694-9518-8760F2F17F4C}.Debug|Win32.Build.0 = Debug|Win32
		{E522652F-513B-4694-9518-8760F2F17F4C}.Release Unicode|Win32.ActiveCfg = Release|Win32
		{E522652F-513B-4694-9518-8760F2F17F4C}.Release|Win32.ActiveCfg = Release|Win32
		{E522652F-513B-4694-9518-8760F2F17F4C}.Release|Win32.Build.0 = Release|Win32
	EndGlobalSection
	GlobalSection(SolutionProperties) = preSolution
		HideSolutionNode = FALSE
	EndGlobalSection
EndGlobal
